
Microsoft Visual Studio Solution File, Format Version 12.00
# Visual Studio Version 16
VisualStudioVersion = 16.0.30907.101
MinimumVisualStudioVersion = 10.0.40219.1
Project("{2150E333-8FDC-42A3-9474-1A3956D46DE8}") = "src", "src", "{C3CF2902-8A94-4FAB-AC4B-C4C72A676021}"
EndProject
Project("{2150E333-8FDC-42A3-9474-1A3956D46DE8}") = "Building Blocks", "Building Blocks", "{1CD78579-2EC3-4DAC-8BD8-0C2FD35C5097}"
EndProject
Project("{2150E333-8FDC-42A3-9474-1A3956D46DE8}") = "Services", "Services", "{94BB12F1-4F3E-455E-A38E-9A0B9C13807B}"
EndProject
Project("{2150E333-8FDC-42A3-9474-1A3956D46DE8}") = "Web", "Web", "{1E5CA4B0-DB69-4B9D-A045-43E95B15AFD1}"
EndProject
Project("{2150E333-8FDC-42A3-9474-1A3956D46DE8}") = "Identidade", "Identidade", "{C978B5AA-8E96-42EA-8931-C71FB8731624}"
EndProject
Project("{FAE04EC0-301F-11D3-BF4B-00C04F79EFBC}") = "EEC.Identidade.API", "src\services\EEC.Identidade.API\EEC.Identidade.API.csproj", "{DAFC72FD-6CF9-4E75-ABF5-A3A7EC77BE85}"
EndProject
Project("{2150E333-8FDC-42A3-9474-1A3956D46DE8}") = "MVC", "MVC", "{71959AB3-9F19-434D-871F-13869D882A1B}"
EndProject
Project("{FAE04EC0-301F-11D3-BF4B-00C04F79EFBC}") = "EEC.WebApp.MVC", "src\web\EEC.WebApp.MVC\EEC.WebApp.MVC.csproj", "{8AF8D102-1185-4F3F-BCD7-8C543B9904DA}"
EndProject
Project("{2150E333-8FDC-42A3-9474-1A3956D46DE8}") = "Core", "Core", "{B07D3494-D77C-4282-BED8-80CAB6F07C58}"
EndProject
Project("{FAE04EC0-301F-11D3-BF4B-00C04F79EFBC}") = "EEC.Core", "src\buiding blocks\EEC.Core\EEC.Core.csproj", "{FB37EFB3-C46A-4348-8307-8AAA3AF78BDF}"
EndProject
Project("{2150E333-8FDC-42A3-9474-1A3956D46DE8}") = "Carrinho", "Carrinho", "{6AE37C8C-CBA3-492C-AB88-04B9C5B1A266}"
EndProject
Project("{FAE04EC0-301F-11D3-BF4B-00C04F79EFBC}") = "EEC.Carrinho.API", "src\services\EEC.Carrinho.API\EEC.Carrinho.API.csproj", "{D58DFD88-34BA-4778-A08C-4B488736BEE7}"
EndProject
Project("{2150E333-8FDC-42A3-9474-1A3956D46DE8}") = "Catalogo", "Catalogo", "{303C0737-BBBB-4770-82A2-905D45589CC9}"
EndProject
Project("{FAE04EC0-301F-11D3-BF4B-00C04F79EFBC}") = "EEC.Catalogo.API", "src\services\EEC.Catalogo.API\EEC.Catalogo.API.csproj", "{2AA595B8-EF30-4BFC-8B4E-381525DBF84E}"
EndProject
Project("{2150E333-8FDC-42A3-9474-1A3956D46DE8}") = "Pedido", "Pedido", "{8930EB45-4F52-40A0-AF70-39C106ACC058}"
EndProject
Project("{FAE04EC0-301F-11D3-BF4B-00C04F79EFBC}") = "EEC.Pedido.API", "src\services\EEC.Pedido.API\EEC.Pedido.API.csproj", "{152719D3-D613-4937-9654-2BC0564508FC}"
EndProject
Project("{2150E333-8FDC-42A3-9474-1A3956D46DE8}") = "Pagamento", "Pagamento", "{094E1F8E-724E-40C4-827D-971C8D33D534}"
EndProject
Project("{2150E333-8FDC-42A3-9474-1A3956D46DE8}") = "Cliente", "Cliente", "{F30C3E0B-C3EF-437A-AB7F-7BD706A4D47C}"
EndProject
Project("{FAE04EC0-301F-11D3-BF4B-00C04F79EFBC}") = "EEC.Cliente.API", "src\services\EEC.Cliente.API\EEC.Cliente.API.csproj", "{6B47BBDE-DE10-482F-959C-49672EC37F5F}"
EndProject
Project("{FAE04EC0-301F-11D3-BF4B-00C04F79EFBC}") = "EEC.Pagamento.API", "src\services\EEC.Pagamento.API\EEC.Pagamento.API.csproj", "{4976B56E-4031-45B5-8C9E-DE953A960250}"
EndProject
Global
	GlobalSection(SolutionConfigurationPlatforms) = preSolution
		Debug|Any CPU = Debug|Any CPU
		Release|Any CPU = Release|Any CPU
	EndGlobalSection
	GlobalSection(ProjectConfigurationPlatforms) = postSolution
		{DAFC72FD-6CF9-4E75-ABF5-A3A7EC77BE85}.Debug|Any CPU.ActiveCfg = Debug|Any CPU
		{DAFC72FD-6CF9-4E75-ABF5-A3A7EC77BE85}.Debug|Any CPU.Build.0 = Debug|Any CPU
		{DAFC72FD-6CF9-4E75-ABF5-A3A7EC77BE85}.Release|Any CPU.ActiveCfg = Release|Any CPU
		{DAFC72FD-6CF9-4E75-ABF5-A3A7EC77BE85}.Release|Any CPU.Build.0 = Release|Any CPU
		{8AF8D102-1185-4F3F-BCD7-8C543B9904DA}.Debug|Any CPU.ActiveCfg = Debug|Any CPU
		{8AF8D102-1185-4F3F-BCD7-8C543B9904DA}.Debug|Any CPU.Build.0 = Debug|Any CPU
		{8AF8D102-1185-4F3F-BCD7-8C543B9904DA}.Release|Any CPU.ActiveCfg = Release|Any CPU
		{8AF8D102-1185-4F3F-BCD7-8C543B9904DA}.Release|Any CPU.Build.0 = Release|Any CPU
		{FB37EFB3-C46A-4348-8307-8AAA3AF78BDF}.Debug|Any CPU.ActiveCfg = Debug|Any CPU
		{FB37EFB3-C46A-4348-8307-8AAA3AF78BDF}.Debug|Any CPU.Build.0 = Debug|Any CPU
		{FB37EFB3-C46A-4348-8307-8AAA3AF78BDF}.Release|Any CPU.ActiveCfg = Release|Any CPU
		{FB37EFB3-C46A-4348-8307-8AAA3AF78BDF}.Release|Any CPU.Build.0 = Release|Any CPU
		{D58DFD88-34BA-4778-A08C-4B488736BEE7}.Debug|Any CPU.ActiveCfg = Debug|Any CPU
		{D58DFD88-34BA-4778-A08C-4B488736BEE7}.Debug|Any CPU.Build.0 = Debug|Any CPU
		{D58DFD88-34BA-4778-A08C-4B488736BEE7}.Release|Any CPU.ActiveCfg = Release|Any CPU
		{D58DFD88-34BA-4778-A08C-4B488736BEE7}.Release|Any CPU.Build.0 = Release|Any CPU
		{2AA595B8-EF30-4BFC-8B4E-381525DBF84E}.Debug|Any CPU.ActiveCfg = Debug|Any CPU
		{2AA595B8-EF30-4BFC-8B4E-381525DBF84E}.Debug|Any CPU.Build.0 = Debug|Any CPU
		{2AA595B8-EF30-4BFC-8B4E-381525DBF84E}.Release|Any CPU.ActiveCfg = Release|Any CPU
		{2AA595B8-EF30-4BFC-8B4E-381525DBF84E}.Release|Any CPU.Build.0 = Release|Any CPU
		{152719D3-D613-4937-9654-2BC0564508FC}.Debug|Any CPU.ActiveCfg = Debug|Any CPU
		{152719D3-D613-4937-9654-2BC0564508FC}.Debug|Any CPU.Build.0 = Debug|Any CPU
		{152719D3-D613-4937-9654-2BC0564508FC}.Release|Any CPU.ActiveCfg = Release|Any CPU
		{152719D3-D613-4937-9654-2BC0564508FC}.Release|Any CPU.Build.0 = Release|Any CPU
		{6B47BBDE-DE10-482F-959C-49672EC37F5F}.Debug|Any CPU.ActiveCfg = Debug|Any CPU
		{6B47BBDE-DE10-482F-959C-49672EC37F5F}.Debug|Any CPU.Build.0 = Debug|Any CPU
		{6B47BBDE-DE10-482F-959C-49672EC37F5F}.Release|Any CPU.ActiveCfg = Release|Any CPU
		{6B47BBDE-DE10-482F-959C-49672EC37F5F}.Release|Any CPU.Build.0 = Release|Any CPU
		{4976B56E-4031-45B5-8C9E-DE953A960250}.Debug|Any CPU.ActiveCfg = Debug|Any CPU
		{4976B56E-4031-45B5-8C9E-DE953A960250}.Debug|Any CPU.Build.0 = Debug|Any CPU
		{4976B56E-4031-45B5-8C9E-DE953A960250}.Release|Any CPU.ActiveCfg = Release|Any CPU
		{4976B56E-4031-45B5-8C9E-DE953A960250}.Release|Any CPU.Build.0 = Release|Any CPU
	EndGlobalSection
	GlobalSection(SolutionProperties) = preSolution
		HideSolutionNode = FALSE
	EndGlobalSection
	GlobalSection(NestedProjects) = preSolution
		{1CD78579-2EC3-4DAC-8BD8-0C2FD35C5097} = {C3CF2902-8A94-4FAB-AC4B-C4C72A676021}
		{94BB12F1-4F3E-455E-A38E-9A0B9C13807B} = {C3CF2902-8A94-4FAB-AC4B-C4C72A676021}
		{1E5CA4B0-DB69-4B9D-A045-43E95B15AFD1} = {C3CF2902-8A94-4FAB-AC4B-C4C72A676021}
		{C978B5AA-8E96-42EA-8931-C71FB8731624} = {94BB12F1-4F3E-455E-A38E-9A0B9C13807B}
		{DAFC72FD-6CF9-4E75-ABF5-A3A7EC77BE85} = {C978B5AA-8E96-42EA-8931-C71FB8731624}
		{71959AB3-9F19-434D-871F-13869D882A1B} = {1E5CA4B0-DB69-4B9D-A045-43E95B15AFD1}
		{8AF8D102-1185-4F3F-BCD7-8C543B9904DA} = {71959AB3-9F19-434D-871F-13869D882A1B}
		{B07D3494-D77C-4282-BED8-80CAB6F07C58} = {1CD78579-2EC3-4DAC-8BD8-0C2FD35C5097}
		{FB37EFB3-C46A-4348-8307-8AAA3AF78BDF} = {B07D3494-D77C-4282-BED8-80CAB6F07C58}
		{6AE37C8C-CBA3-492C-AB88-04B9C5B1A266} = {94BB12F1-4F3E-455E-A38E-9A0B9C13807B}
		{D58DFD88-34BA-4778-A08C-4B488736BEE7} = {6AE37C8C-CBA3-492C-AB88-04B9C5B1A266}
		{303C0737-BBBB-4770-82A2-905D45589CC9} = {94BB12F1-4F3E-455E-A38E-9A0B9C13807B}
		{2AA595B8-EF30-4BFC-8B4E-381525DBF84E} = {303C0737-BBBB-4770-82A2-905D45589CC9}
		{8930EB45-4F52-40A0-AF70-39C106ACC058} = {94BB12F1-4F3E-455E-A38E-9A0B9C13807B}
		{152719D3-D613-4937-9654-2BC0564508FC} = {8930EB45-4F52-40A0-AF70-39C106ACC058}
		{094E1F8E-724E-40C4-827D-971C8D33D534} = {94BB12F1-4F3E-455E-A38E-9A0B9C13807B}
		{F30C3E0B-C3EF-437A-AB7F-7BD706A4D47C} = {94BB12F1-4F3E-455E-A38E-9A0B9C13807B}
		{6B47BBDE-DE10-482F-959C-49672EC37F5F} = {F30C3E0B-C3EF-437A-AB7F-7BD706A4D47C}
		{4976B56E-4031-45B5-8C9E-DE953A960250} = {094E1F8E-724E-40C4-827D-971C8D33D534}
	EndGlobalSection
	GlobalSection(ExtensibilityGlobals) = postSolution
		SolutionGuid = {52292DF8-7D44-4375-AA89-C73B3F7E74D4}
	EndGlobalSection
EndGlobal
